// !$*UTF8*$!
{
	archiveVersion = 1;
	classes = {
	};
	objectVersion = 46;
	objects = {

/* Begin PBXBuildFile section */
		F4D3B2421BEDE32300C065D6 /* AppDelegate.swift in Sources */ = {isa = PBXBuildFile; fileRef = F4D3B2411BEDE32300C065D6 /* AppDelegate.swift */; };
		F4D3B2441BEDE32300C065D6 /* ViewController.swift in Sources */ = {isa = PBXBuildFile; fileRef = F4D3B2431BEDE32300C065D6 /* ViewController.swift */; };
		F4D3B2471BEDE32300C065D6 /* Main.storyboard in Resources */ = {isa = PBXBuildFile; fileRef = F4D3B2451BEDE32300C065D6 /* Main.storyboard */; };
		F4D3B2491BEDE32300C065D6 /* Assets.xcassets in Resources */ = {isa = PBXBuildFile; fileRef = F4D3B2481BEDE32300C065D6 /* Assets.xcassets */; };
		F4D3B24C1BEDE32300C065D6 /* LaunchScreen.storyboard in Resources */ = {isa = PBXBuildFile; fileRef = F4D3B24A1BEDE32300C065D6 /* LaunchScreen.storyboard */; };
		F4D3B2571BEDE32300C065D6 /* LayoutGuideUITests.swift in Sources */ = {isa = PBXBuildFile; fileRef = F4D3B2561BEDE32300C065D6 /* LayoutGuideUITests.swift */; };
		F4D3B2621BEDEC1800C065D6 /* UILayoutGuide+Debug.swift in Sources */ = {isa = PBXBuildFile; fileRef = F4D3B2611BEDEC1800C065D6 /* UILayoutGuide+Debug.swift */; };
/* End PBXBuildFile section */

/* Begin PBXContainerItemProxy section */
		F4D3B2531BEDE32300C065D6 /* PBXContainerItemProxy */ = {
			isa = PBXContainerItemProxy;
			containerPortal = F4D3B2361BEDE32300C065D6 /* Project object */;
			proxyType = 1;
			remoteGlobalIDString = F4D3B23D1BEDE32300C065D6;
			remoteInfo = LayoutGuide;
		};
/* End PBXContainerItemProxy section */

/* Begin PBXFileReference section */
		F4D3B23E1BEDE32300C065D6 /* LayoutGuide.app */ = {isa = PBXFileReference; explicitFileType = wrapper.application; includeInIndex = 0; path = LayoutGuide.app; sourceTree = BUILT_PRODUCTS_DIR; };
		F4D3B2411BEDE32300C065D6 /* AppDelegate.swift */ = {isa = PBXFileReference; lastKnownFileType = sourcecode.swift; path = AppDelegate.swift; sourceTree = "<group>"; };
		F4D3B2431BEDE32300C065D6 /* ViewController.swift */ = {isa = PBXFileReference; lastKnownFileType = sourcecode.swift; path = ViewController.swift; sourceTree = "<group>"; };
		F4D3B2461BEDE32300C065D6 /* Base */ = {isa = PBXFileReference; lastKnownFileType = file.storyboard; name = Base; path = Base.lproj/Main.storyboard; sourceTree = "<group>"; };
		F4D3B2481BEDE32300C065D6 /* Assets.xcassets */ = {isa = PBXFileReference; lastKnownFileType = folder.assetcatalog; path = Assets.xcassets; sourceTree = "<group>"; };
		F4D3B24B1BEDE32300C065D6 /* Base */ = {isa = PBXFileReference; lastKnownFileType = file.storyboard; name = Base; path = Base.lproj/LaunchScreen.storyboard; sourceTree = "<group>"; };
		F4D3B24D1BEDE32300C065D6 /* Info.plist */ = {isa = PBXFileReference; lastKnownFileType = text.plist.xml; path = Info.plist; sourceTree = "<group>"; };
		F4D3B2521BEDE32300C065D6 /* LayoutGuideUITests.xctest */ = {isa = PBXFileReference; explicitFileType = wrapper.cfbundle; includeInIndex = 0; path = LayoutGuideUITests.xctest; sourceTree = BUILT_PRODUCTS_DIR; };
		F4D3B2561BEDE32300C065D6 /* LayoutGuideUITests.swift */ = {isa = PBXFileReference; lastKnownFileType = sourcecode.swift; path = LayoutGuideUITests.swift; sourceTree = "<group>"; };
		F4D3B2581BEDE32300C065D6 /* Info.plist */ = {isa = PBXFileReference; lastKnownFileType = text.plist.xml; path = Info.plist; sourceTree = "<group>"; };
		F4D3B2611BEDEC1800C065D6 /* UILayoutGuide+Debug.swift */ = {isa = PBXFileReference; fileEncoding = 4; lastKnownFileType = sourcecode.swift; path = "UILayoutGuide+Debug.swift"; sourceTree = "<group>"; };
/* End PBXFileReference section */

/* Begin PBXFrameworksBuildPhase section */
		F4D3B23B1BEDE32300C065D6 /* Frameworks */ = {
			isa = PBXFrameworksBuildPhase;
			buildActionMask = 2147483647;
			files = (
			);
			runOnlyForDeploymentPostprocessing = 0;
		};
		F4D3B24F1BEDE32300C065D6 /* Frameworks */ = {
			isa = PBXFrameworksBuildPhase;
			buildActionMask = 2147483647;
			files = (
			);
			runOnlyForDeploymentPostprocessing = 0;
		};
/* End PBXFrameworksBuildPhase section */

/* Begin PBXGroup section */
		F4D3B2351BEDE32300C065D6 = {
			isa = PBXGroup;
			children = (
				F4D3B2401BEDE32300C065D6 /* LayoutGuide */,
				F4D3B2551BEDE32300C065D6 /* LayoutGuideUITests */,
				F4D3B23F1BEDE32300C065D6 /* Products */,
			);
			sourceTree = "<group>";
		};
		F4D3B23F1BEDE32300C065D6 /* Products */ = {
			isa = PBXGroup;
			children = (
				F4D3B23E1BEDE32300C065D6 /* LayoutGuide.app */,
				F4D3B2521BEDE32300C065D6 /* LayoutGuideUITests.xctest */,
			);
			name = Products;
			sourceTree = "<group>";
		};
		F4D3B2401BEDE32300C065D6 /* LayoutGuide */ = {
			isa = PBXGroup;
			children = (
				F4D3B2411BEDE32300C065D6 /* AppDelegate.swift */,
				F4D3B2431BEDE32300C065D6 /* ViewController.swift */,
				F4D3B2611BEDEC1800C065D6 /* UILayoutGuide+Debug.swift */,
				F4D3B2451BEDE32300C065D6 /* Main.storyboard */,
				F4D3B2481BEDE32300C065D6 /* Assets.xcassets */,
				F4D3B24A1BEDE32300C065D6 /* LaunchScreen.storyboard */,
				F4D3B24D1BEDE32300C065D6 /* Info.plist */,
			);
			path = LayoutGuide;
			sourceTree = "<group>";
		};
		F4D3B2551BEDE32300C065D6 /* LayoutGuideUITests */ = {
			isa = PBXGroup;
			children = (
				F4D3B2561BEDE32300C065D6 /* LayoutGuideUITests.swift */,
				F4D3B2581BEDE32300C065D6 /* Info.plist */,
			);
			path = LayoutGuideUITests;
			sourceTree = "<group>";
		};
/* End PBXGroup section */

/* Begin PBXNativeTarget section */
		F4D3B23D1BEDE32300C065D6 /* LayoutGuide */ = {
			isa = PBXNativeTarget;
			buildConfigurationList = F4D3B25B1BEDE32300C065D6 /* Build configuration list for PBXNativeTarget "LayoutGuide" */;
			buildPhases = (
				F4D3B23A1BEDE32300C065D6 /* Sources */,
				F4D3B23B1BEDE32300C065D6 /* Frameworks */,
				F4D3B23C1BEDE32300C065D6 /* Resources */,
			);
			buildRules = (
			);
			dependencies = (
			);
			name = LayoutGuide;
			productName = LayoutGuide;
			productReference = F4D3B23E1BEDE32300C065D6 /* LayoutGuide.app */;
			productType = "com.apple.product-type.application";
		};
		F4D3B2511BEDE32300C065D6 /* LayoutGuideUITests */ = {
			isa = PBXNativeTarget;
			buildConfigurationList = F4D3B25E1BEDE32300C065D6 /* Build configuration list for PBXNativeTarget "LayoutGuideUITests" */;
			buildPhases = (
				F4D3B24E1BEDE32300C065D6 /* Sources */,
				F4D3B24F1BEDE32300C065D6 /* Frameworks */,
				F4D3B2501BEDE32300C065D6 /* Resources */,
			);
			buildRules = (
			);
			dependencies = (
				F4D3B2541BEDE32300C065D6 /* PBXTargetDependency */,
			);
			name = LayoutGuideUITests;
			productName = LayoutGuideUITests;
			productReference = F4D3B2521BEDE32300C065D6 /* LayoutGuideUITests.xctest */;
			productType = "com.apple.product-type.bundle.ui-testing";
		};
/* End PBXNativeTarget section */

/* Begin PBXProject section */
		F4D3B2361BEDE32300C065D6 /* Project object */ = {
			isa = PBXProject;
			attributes = {
				LastSwiftUpdateCheck = 0710;
				LastUpgradeCheck = 0710;
				ORGANIZATIONNAME = "Karthik Keyan";
				TargetAttributes = {
					F4D3B23D1BEDE32300C065D6 = {
						CreatedOnToolsVersion = 7.1;
					};
					F4D3B2511BEDE32300C065D6 = {
						CreatedOnToolsVersion = 7.1;
						TestTargetID = F4D3B23D1BEDE32300C065D6;
					};
				};
			};
			buildConfigurationList = F4D3B2391BEDE32300C065D6 /* Build configuration list for PBXProject "LayoutGuide" */;
			compatibilityVersion = "Xcode 3.2";
			developmentRegion = English;
			hasScannedForEncodings = 0;
			knownRegions = (
				en,
				Base,
			);
			mainGroup = F4D3B2351BEDE32300C065D6;
			productRefGroup = F4D3B23F1BEDE32300C065D6 /* Products */;
			projectDirPath = "";
			projectRoot = "";
			targets = (
				F4D3B23D1BEDE32300C065D6 /* LayoutGuide */,
				F4D3B2511BEDE32300C065D6 /* LayoutGuideUITests */,
			);
		};
/* End PBXProject section */

/* Begin PBXResourcesBuildPhase section */
		F4D3B23C1BEDE32300C065D6 /* Resources */ = {
			isa = PBXResourcesBuildPhase;
			buildActionMask = 2147483647;
			files = (
				F4D3B24C1BEDE32300C065D6 /* LaunchScreen.storyboard in Resources */,
				F4D3B2491BEDE32300C065D6 /* Assets.xcassets in Resources */,
				F4D3B2471BEDE32300C065D6 /* Main.storyboard in Resources */,
			);
			runOnlyForDeploymentPostprocessing = 0;
		};
		F4D3B2501BEDE32300C065D6 /* Resources */ = {
			isa = PBXResourcesBuildPhase;
			buildActionMask = 2147483647;
			files = (
			);
			runOnlyForDeploymentPostprocessing = 0;
		};
/* End PBXResourcesBuildPhase section */

/* Begin PBXSourcesBuildPhase section */
		F4D3B23A1BEDE32300C065D6 /* Sources */ = {
			isa = PBXSourcesBuildPhase;
			buildActionMask = 2147483647;
			files = (
				F4D3B2441BEDE32300C065D6 /* ViewController.swift in Sources */,
				F4D3B2421BEDE32300C065D6 /* AppDelegate.swift in Sources */,
				F4D3B2621BEDEC1800C065D6 /* UILayoutGuide+Debug.swift in Sources */,
			);
			runOnlyForDeploymentPostprocessing = 0;
		};
		F4D3B24E1BEDE32300C065D6 /* Sources */ = {
			isa = PBXSourcesBuildPhase;
			buildActionMask = 2147483647;
			files = (
				F4D3B2571BEDE32300C065D6 /* LayoutGuideUITests.swift in Sources */,
			);
			runOnlyForDeploymentPostprocessing = 0;
		};
/* End PBXSourcesBuildPhase section */

/* Begin PBXTargetDependency section */
		F4D3B2541BEDE32300C065D6 /* PBXTargetDependency */ = {
			isa = PBXTargetDependency;
			target = F4D3B23D1BEDE32300C065D6 /* LayoutGuide */;
			targetProxy = F4D3B2531BEDE32300C065D6 /* PBXContainerItemProxy */;
		};
/* End PBXTargetDependency section */

/* Begin PBXVariantGroup section */
		F4D3B2451BEDE32300C065D6 /* Main.storyboard */ = {
			isa = PBXVariantGroup;
			children = (
				F4D3B2461BEDE32300C065D6 /* Base */,
			);
			name = Main.storyboard;
			sourceTree = "<group>";
		};
		F4D3B24A1BEDE32300C065D6 /* LaunchScreen.storyboard */ = {
			isa = PBXVariantGroup;
			children = (
				F4D3B24B1BEDE32300C065D6 /* Base */,
			);
			name = LaunchScreen.storyboard;
			sourceTree = "<group>";
		};
/* End PBXVariantGroup section */

/* Begin XCBuildConfiguration section */
		F4D3B2591BEDE32300C065D6 /* Debug */ = {
			isa = XCBuildConfiguration;
			buildSettings = {
				ALWAYS_SEARCH_USER_PATHS = NO;
				CLANG_CXX_LANGUAGE_STANDARD = "gnu++0x";
				CLANG_CXX_LIBRARY = "libc++";
				CLANG_ENABLE_MODULES = YES;
				CLANG_ENABLE_OBJC_ARC = YES;
				CLANG_WARN_BOOL_CONVERSION = YES;
				CLANG_WARN_CONSTANT_CONVERSION = YES;
				CLANG_WARN_DIRECT_OBJC_ISA_USAGE = YES_ERROR;
				CLANG_WARN_EMPTY_BODY = YES;
				CLANG_WARN_ENUM_CONVERSION = YES;
				CLANG_WARN_INT_CONVERSION = YES;
				CLANG_WARN_OBJC_ROOT_CLASS = YES_ERROR;
				CLANG_WARN_UNREACHABLE_CODE = YES;
				CLANG_WARN__DUPLICATE_METHOD_MATCH = YES;
				"CODE_SIGN_IDENTITY[sdk=iphoneos*]" = "iPhone Developer";
				COPY_PHASE_STRIP = NO;
				DEBUG_INFORMATION_FORMAT = dwarf;
				ENABLE_STRICT_OBJC_MSGSEND = YES;
				ENABLE_TESTABILITY = YES;
				GCC_C_LANGUAGE_STANDARD = gnu99;
				GCC_DYNAMIC_NO_PIC = NO;
				GCC_NO_COMMON_BLOCKS = YES;
				GCC_OPTIMIZATION_LEVEL = 0;
				GCC_PREPROCESSOR_DEFINITIONS = (
					"DEBUG=1",
					"$(inherited)",
				);
				GCC_WARN_64_TO_32_BIT_CONVERSION = YES;
				GCC_WARN_ABOUT_RETURN_TYPE = YES_ERROR;
				GCC_WARN_UNDECLARED_SELECTOR = YES;
				GCC_WARN_UNINITIALIZED_AUTOS = YES_AGGRESSIVE;
				GCC_WARN_UNUSED_FUNCTION = YES;
				GCC_WARN_UNUSED_VARIABLE = YES;
				IPHONEOS_DEPLOYMENT_TARGET = 9.1;
				MTL_ENABLE_DEBUG_INFO = YES;
				ONLY_ACTIVE_ARCH = YES;
				SDKROOT = iphoneos;
				SWIFT_OPTIMIZATION_LEVEL = "-Onone";
				TARGETED_DEVICE_FAMILY = "1,2";
			};
			name = Debug;
		};
		F4D3B25A1BEDE32300C065D6 /* Release */ = {
			isa = XCBuildConfiguration;
			buildSettings = {
				ALWAYS_SEARCH_USER_PATHS = NO;
				CLANG_CXX_LANGUAGE_STANDARD = "gnu++0x";
				CLANG_CXX_LIBRARY = "libc++";
				CLANG_ENABLE_MODULES = YES;
				CLANG_ENABLE_OBJC_ARC = YES;
				CLANG_WARN_BOOL_CONVERSION = YES;
				CLANG_WARN_CONSTANT_CONVERSION = YES;
				CLANG_WARN_DIRECT_OBJC_ISA_USAGE = YES_ERROR;
				CLANG_WARN_EMPTY_BODY = YES;
				CLANG_WARN_ENUM_CONVERSION = YES;
				CLANG_WARN_INT_CONVERSION = YES;
				CLANG_WARN_OBJC_ROOT_CLASS = YES_ERROR;
				CLANG_WARN_UNREACHABLE_CODE = YES;
				CLANG_WARN__DUPLICATE_METHOD_MATCH = YES;
				"CODE_SIGN_IDENTITY[sdk=iphoneos*]" = "iPhone Developer";
				COPY_PHASE_STRIP = NO;
				DEBUG_INFORMATION_FORMAT = "dwarf-with-dsym";
				ENABLE_NS_ASSERTIONS = NO;
				ENABLE_STRICT_OBJC_MSGSEND = YES;
				GCC_C_LANGUAGE_STANDARD = gnu99;
				GCC_NO_COMMON_BLOCKS = YES;
				GCC_WARN_64_TO_32_BIT_CONVERSION = YES;
				GCC_WARN_ABOUT_RETURN_TYPE = YES_ERROR;
				GCC_WARN_UNDECLARED_SELECTOR = YES;
				GCC_WARN_UNINITIALIZED_AUTOS = YES_AGGRESSIVE;
				GCC_WARN_UNUSED_FUNCTION = YES;
				GCC_WARN_UNUSED_VARIABLE = YES;
				IPHONEOS_DEPLOYMENT_TARGET = 9.1;
				MTL_ENABLE_DEBUG_INFO = NO;
				SDKROOT = iphoneos;
				TARGETED_DEVICE_FAMILY = "1,2";
				VALIDATE_PRODUCT = YES;
			};
			name = Release;
		};
		F4D3B25C1BEDE32300C065D6 /* Debug */ = {
			isa = XCBuildConfiguration;
			buildSettings = {
				ASSETCATALOG_COMPILER_APPICON_NAME = AppIcon;
				INFOPLIST_FILE = LayoutGuide/Info.plist;
				LD_RUNPATH_SEARCH_PATHS = "$(inherited) @executable_path/Frameworks";
				PRODUCT_BUNDLE_IDENTIFIER = com.karthikkeyan.LayoutGuide;
				PRODUCT_NAME = "$(TARGET_NAME)";
			};
			name = Debug;
		};
		F4D3B25D1BEDE32300C065D6 /* Release */ = {
			isa = XCBuildConfiguration;
			buildSettings = {
				ASSETCATALOG_COMPILER_APPICON_NAME = AppIcon;
				INFOPLIST_FILE = LayoutGuide/Info.plist;
				LD_RUNPATH_SEARCH_PATHS = "$(inherited) @executable_path/Frameworks";
				PRODUCT_BUNDLE_IDENTIFIER = com.karthikkeyan.LayoutGuide;
				PRODUCT_NAME = "$(TARGET_NAME)";
			};
			name = Release;
		};
		F4D3B25F1BEDE32300C065D6 /* Debug */ = {
			isa = XCBuildConfiguration;
			buildSettings = {
				INFOPLIST_FILE = LayoutGuideUITests/Info.plist;
				LD_RUNPATH_SEARCH_PATHS = "$(inherited) @executable_path/Frameworks @loader_path/Frameworks";
				PRODUCT_BUNDLE_IDENTIFIER = com.karthikkeyan.LayoutGuideUITests;
				PRODUCT_NAME = "$(TARGET_NAME)";
				TEST_TARGET_NAME = LayoutGuide;
				USES_XCTRUNNER = YES;
			};
			name = Debug;
		};
		F4D3B2601BEDE32300C065D6 /* Release */ = {
			isa = XCBuildConfiguration;
			buildSettings = {
				INFOPLIST_FILE = LayoutGuideUITests/Info.plist;
				LD_RUNPATH_SEARCH_PATHS = "$(inherited) @executable_path/Frameworks @loader_path/Frameworks";
				PRODUCT_BUNDLE_IDENTIFIER = com.karthikkeyan.LayoutGuideUITests;
				PRODUCT_NAME = "$(TARGET_NAME)";
				TEST_TARGET_NAME = LayoutGuide;
				USES_XCTRUNNER = YES;
			};
			name = Release;
		};
/* End XCBuildConfiguration section */

/* Begin XCConfigurationList section */
		F4D3B2391BEDE32300C065D6 /* Build configuration list for PBXProject "LayoutGuide" */ = {
			isa = XCConfigurationList;
			buildConfigurations = (
				F4D3B2591BEDE32300C065D6 /* Debug */,
				F4D3B25A1BEDE32300C065D6 /* Release */,
			);
			defaultConfigurationIsVisible = 0;
			defaultConfigurationName = Release;
		};
		F4D3B25B1BEDE32300C065D6 /* Build configuration list for PBXNativeTarget "LayoutGuide" */ = {
			isa = XCConfigurationList;
			buildConfigurations = (
				F4D3B25C1BEDE32300C065D6 /* Debug */,
				F4D3B25D1BEDE32300C065D6 /* Release */,
			);
			defaultConfigurationIsVisible = 0;
			defaultConfigurationName = Release;
		};
		F4D3B25E1BEDE32300C065D6 /* Build configuration list for PBXNativeTarget "LayoutGuideUITests" */ = {
			isa = XCConfigurationList;
			buildConfigurations = (
				F4D3B25F1BEDE32300C065D6 /* Debug */,
				F4D3B2601BEDE32300C065D6 /* Release */,
			);
			defaultConfigurationIsVisible = 0;
			defaultConfigurationName = Release;
		};
/* End XCConfigurationList section */
	};
	rootObject = F4D3B2361BEDE32300C065D6 /* Project object */;
}
